
Microsoft Visual Studio Solution File, Format Version 12.00
# Visual Studio 14
VisualStudioVersion = 14.0.25420.1
MinimumVisualStudioVersion = 10.0.40219.1
Project("{FAE04EC0-301F-11D3-BF4B-00C04F79EFBC}") = "FileSystemWrapper", "FileSystemWrapper\FileSystemWrapper.csproj", "{C56434AC-9BAB-4E8A-9444-1A439CFA75AC}"
EndProject
Project("{FAE04EC0-301F-11D3-BF4B-00C04F79EFBC}") = "FileSystemWrapper.Test", "FileSystemWrapper.Test\FileSystemWrapper.Test.csproj", "{5D7AE42A-05E7-42A8-9794-361B887E7217}"
EndProject
Global
	GlobalSection(SolutionConfigurationPlatforms) = preSolution
		Debug|Any CPU = Debug|Any CPU
		Release|Any CPU = Release|Any CPU
	EndGlobalSection
	GlobalSection(ProjectConfigurationPlatforms) = postSolution
		{C56434AC-9BAB-4E8A-9444-1A439CFA75AC}.Debug|Any CPU.ActiveCfg = Debug|Any CPU
		{C56434AC-9BAB-4E8A-9444-1A439CFA75AC}.Debug|Any CPU.Build.0 = Debug|Any CPU
		{C56434AC-9BAB-4E8A-9444-1A439CFA75AC}.Release|Any CPU.ActiveCfg = Release|Any CPU
		{C56434AC-9BAB-4E8A-9444-1A439CFA75AC}.Release|Any CPU.Build.0 = Release|Any CPU
		{5D7AE42A-05E7-42A8-9794-361B887E7217}.Debug|Any CPU.ActiveCfg = Debug|Any CPU
		{5D7AE42A-05E7-42A8-9794-361B887E7217}.Debug|Any CPU.Build.0 = Debug|Any CPU
		{5D7AE42A-05E7-42A8-9794-361B887E7217}.Release|Any CPU.ActiveCfg = Release|Any CPU
		{5D7AE42A-05E7-42A8-9794-361B887E7217}.Release|Any CPU.Build.0 = Release|Any CPU
	EndGlobalSection
	GlobalSection(SolutionProperties) = preSolution
		HideSolutionNode = FALSE
	EndGlobalSection
EndGlobal
